
Microsoft Visual Studio Solution File, Format Version 12.00
# Visual Studio Version 16
VisualStudioVersion = 16.0.31205.134
MinimumVisualStudioVersion = 10.0.40219.1
Project("{FAE04EC0-301F-11D3-BF4B-00C04F79EFBC}") = "StudentManagerMVC", "StudentManagerMVC.csproj", "{392C39FC-B9A0-4A0C-8B27-88BB2F1D16D1}"
EndProject
Global
	GlobalSection(SolutionConfigurationPlatforms) = preSolution
		Debug|Any CPU = Debug|Any CPU
		Release|Any CPU = Release|Any CPU
	EndGlobalSection
	GlobalSection(ProjectConfigurationPlatforms) = postSolution
		{392C39FC-B9A0-4A0C-8B27-88BB2F1D16D1}.Debug|Any CPU.ActiveCfg = Debug|Any CPU
		{392C39FC-B9A0-4A0C-8B27-88BB2F1D16D1}.Debug|Any CPU.Build.0 = Debug|Any CPU
		{392C39FC-B9A0-4A0C-8B27-88BB2F1D16D1}.Release|Any CPU.ActiveCfg = Release|Any CPU
		{392C39FC-B9A0-4A0C-8B27-88BB2F1D16D1}.Release|Any CPU.Build.0 = Release|Any CPU
	EndGlobalSection
	GlobalSection(SolutionProperties) = preSolution
		HideSolutionNode = FALSE
	EndGlobalSection
	GlobalSection(ExtensibilityGlobals) = postSolution
		SolutionGuid = {7F4CAC93-EA12-4D09-9D7C-1320B4DF589E}
	EndGlobalSection
EndGlobal
